
Microsoft Visual Studio Solution File, Format Version 12.00
# Visual Studio 15
VisualStudioVersion = 15.0.28307.1259
MinimumVisualStudioVersion = 10.0.40219.1
Project("{159641D6-6404-4A2A-AE62-294DE0FE8301}") = "VPP 6.1", "VPP 6.1\VPP 6.1.dtproj", "{7E17C47F-FEE9-4E99-83FC-63C9A2C2BC90}"
EndProject
Global
	GlobalSection(SolutionConfigurationPlatforms) = preSolution
		Development|Default = Development|Default
	EndGlobalSection
	GlobalSection(ProjectConfigurationPlatforms) = postSolution
		{7E17C47F-FEE9-4E99-83FC-63C9A2C2BC90}.Development|Default.ActiveCfg = Development
		{7E17C47F-FEE9-4E99-83FC-63C9A2C2BC90}.Development|Default.Build.0 = Development
	EndGlobalSection
	GlobalSection(SolutionProperties) = preSolution
		HideSolutionNode = FALSE
	EndGlobalSection
	GlobalSection(ExtensibilityGlobals) = postSolution
		SolutionGuid = {F90CECD1-3542-4CBB-82EC-C69653AB8E0D}
	EndGlobalSection
EndGlobal
